
Microsoft Visual Studio Solution File, Format Version 12.00
# Visual Studio Version 17
VisualStudioVersion = 17.6.33927.249
MinimumVisualStudioVersion = 10.0.40219.1
Project("{FAE04EC0-301F-11D3-BF4B-00C04F79EFBC}") = "Exercise_8_9_10_11_Console_Application", "Exercise_8_9_10_11_Console_Application.csproj", "{1FBCDDC7-3591-4B1D-AA22-214481BDD2FE}"
EndProject
Global
	GlobalSection(SolutionConfigurationPlatforms) = preSolution
		Debug|Any CPU = Debug|Any CPU
		Release|Any CPU = Release|Any CPU
	EndGlobalSection
	GlobalSection(ProjectConfigurationPlatforms) = postSolution
		{1FBCDDC7-3591-4B1D-AA22-214481BDD2FE}.Debug|Any CPU.ActiveCfg = Debug|Any CPU
		{1FBCDDC7-3591-4B1D-AA22-214481BDD2FE}.Debug|Any CPU.Build.0 = Debug|Any CPU
		{1FBCDDC7-3591-4B1D-AA22-214481BDD2FE}.Release|Any CPU.ActiveCfg = Release|Any CPU
		{1FBCDDC7-3591-4B1D-AA22-214481BDD2FE}.Release|Any CPU.Build.0 = Release|Any CPU
	EndGlobalSection
	GlobalSection(SolutionProperties) = preSolution
		HideSolutionNode = FALSE
	EndGlobalSection
	GlobalSection(ExtensibilityGlobals) = postSolution
		SolutionGuid = {868E8209-DBAE-4C0B-A127-8886D2D61853}
	EndGlobalSection
EndGlobal
