
Microsoft Visual Studio Solution File, Format Version 12.00
# Visual Studio Version 17
VisualStudioVersion = 17.6.33927.249
MinimumVisualStudioVersion = 10.0.40219.1
Project("{FAE04EC0-301F-11D3-BF4B-00C04F79EFBC}") = "Lab_Work", "Lab_Work.csproj", "{E1CCE3ED-8726-4B4A-9E37-177A52918BDB}"
EndProject
Global
	GlobalSection(SolutionConfigurationPlatforms) = preSolution
		Debug|Any CPU = Debug|Any CPU
		Release|Any CPU = Release|Any CPU
	EndGlobalSection
	GlobalSection(ProjectConfigurationPlatforms) = postSolution
		{E1CCE3ED-8726-4B4A-9E37-177A52918BDB}.Debug|Any CPU.ActiveCfg = Debug|Any CPU
		{E1CCE3ED-8726-4B4A-9E37-177A52918BDB}.Debug|Any CPU.Build.0 = Debug|Any CPU
		{E1CCE3ED-8726-4B4A-9E37-177A52918BDB}.Release|Any CPU.ActiveCfg = Release|Any CPU
		{E1CCE3ED-8726-4B4A-9E37-177A52918BDB}.Release|Any CPU.Build.0 = Release|Any CPU
	EndGlobalSection
	GlobalSection(SolutionProperties) = preSolution
		HideSolutionNode = FALSE
	EndGlobalSection
	GlobalSection(ExtensibilityGlobals) = postSolution
		SolutionGuid = {31650895-4A6A-4592-8BAC-F3E640D16E1B}
	EndGlobalSection
EndGlobal
