
Microsoft Visual Studio Solution File, Format Version 12.00
# Visual Studio Version 17
VisualStudioVersion = 17.6.33927.249
MinimumVisualStudioVersion = 10.0.40219.1
Project("{FAE04EC0-301F-11D3-BF4B-00C04F79EFBC}") = "Lab_Work", "Lab_Work.csproj", "{CE308782-19FC-4151-8879-15162B007F2B}"
EndProject
Global
	GlobalSection(SolutionConfigurationPlatforms) = preSolution
		Debug|Any CPU = Debug|Any CPU
		Release|Any CPU = Release|Any CPU
	EndGlobalSection
	GlobalSection(ProjectConfigurationPlatforms) = postSolution
		{CE308782-19FC-4151-8879-15162B007F2B}.Debug|Any CPU.ActiveCfg = Debug|Any CPU
		{CE308782-19FC-4151-8879-15162B007F2B}.Debug|Any CPU.Build.0 = Debug|Any CPU
		{CE308782-19FC-4151-8879-15162B007F2B}.Release|Any CPU.ActiveCfg = Release|Any CPU
		{CE308782-19FC-4151-8879-15162B007F2B}.Release|Any CPU.Build.0 = Release|Any CPU
	EndGlobalSection
	GlobalSection(SolutionProperties) = preSolution
		HideSolutionNode = FALSE
	EndGlobalSection
	GlobalSection(ExtensibilityGlobals) = postSolution
		SolutionGuid = {FE82C9FD-D3C5-4110-B714-68C14B0B21B3}
	EndGlobalSection
EndGlobal
